
Microsoft Visual Studio Solution File, Format Version 11.00
# Visual Studio 2010
Project("{FAE04EC0-301F-11D3-BF4B-00C04F79EFBC}") = "SyntaxC4.WindowsAzure.ACSManagement", "Core\SyntaxC4.WindowsAzure.ACSManagement.csproj", "{63172207-3AA1-49EE-89B6-A02DF2D99BCE}"
EndProject
Project("{FAE04EC0-301F-11D3-BF4B-00C04F79EFBC}") = "SyntaxC4.WindowsAzure.ACSManagement.Tests", "SyntaxC4.WindowsAzure.ACSManagement.Tests\SyntaxC4.WindowsAzure.ACSManagement.Tests.csproj", "{DB758BBA-A10F-412E-B18F-B34A6A6B5DA1}"
EndProject
Project("{2150E333-8FDC-42A3-9474-1A3956D46DE8}") = "Solution Items", "Solution Items", "{953EE111-AD61-40E6-AB3D-FF2A26504CF8}"
	ProjectSection(SolutionItems) = preProject
		Local.testsettings = Local.testsettings
		SyntaxC4.WindowsAzure.ACSManagement.vsmdi = SyntaxC4.WindowsAzure.ACSManagement.vsmdi
		TraceAndTestImpact.testsettings = TraceAndTestImpact.testsettings
	EndProjectSection
EndProject
Global
	GlobalSection(TestCaseManagementSettings) = postSolution
		CategoryFile = SyntaxC4.WindowsAzure.ACSManagement.vsmdi
	EndGlobalSection
	GlobalSection(SolutionConfigurationPlatforms) = preSolution
		Debug|Any CPU = Debug|Any CPU
		Release|Any CPU = Release|Any CPU
	EndGlobalSection
	GlobalSection(ProjectConfigurationPlatforms) = postSolution
		{63172207-3AA1-49EE-89B6-A02DF2D99BCE}.Debug|Any CPU.ActiveCfg = Debug|Any CPU
		{63172207-3AA1-49EE-89B6-A02DF2D99BCE}.Debug|Any CPU.Build.0 = Debug|Any CPU
		{63172207-3AA1-49EE-89B6-A02DF2D99BCE}.Release|Any CPU.ActiveCfg = Release|Any CPU
		{63172207-3AA1-49EE-89B6-A02DF2D99BCE}.Release|Any CPU.Build.0 = Release|Any CPU
		{DB758BBA-A10F-412E-B18F-B34A6A6B5DA1}.Debug|Any CPU.ActiveCfg = Debug|Any CPU
		{DB758BBA-A10F-412E-B18F-B34A6A6B5DA1}.Debug|Any CPU.Build.0 = Debug|Any CPU
		{DB758BBA-A10F-412E-B18F-B34A6A6B5DA1}.Release|Any CPU.ActiveCfg = Release|Any CPU
		{DB758BBA-A10F-412E-B18F-B34A6A6B5DA1}.Release|Any CPU.Build.0 = Release|Any CPU
	EndGlobalSection
	GlobalSection(SolutionProperties) = preSolution
		HideSolutionNode = FALSE
	EndGlobalSection
EndGlobal
